
Microsoft Visual Studio Solution File, Format Version 12.00
# Visual Studio 2013
VisualStudioVersion = 12.0.30723.0
MinimumVisualStudioVersion = 10.0.40219.1
Project("{FAE04EC0-301F-11D3-BF4B-00C04F79EFBC}") = "SharpBooks", "SharpBooks\SharpBooks.csproj", "{2D2E4970-0845-4134-ACBB-D1EADA65B4F9}"
EndProject
Project("{FAE04EC0-301F-11D3-BF4B-00C04F79EFBC}") = "SharpBooks.Tests", "SharpBooks.Tests\SharpBooks.Tests.csproj", "{A292B3A6-F68D-4F74-8696-0C6514850E78}"
EndProject
Global
	GlobalSection(SolutionConfigurationPlatforms) = preSolution
		Debug|Any CPU = Debug|Any CPU
		Release|Any CPU = Release|Any CPU
	EndGlobalSection
	GlobalSection(ProjectConfigurationPlatforms) = postSolution
		{2D2E4970-0845-4134-ACBB-D1EADA65B4F9}.Debug|Any CPU.ActiveCfg = Debug|Any CPU
		{2D2E4970-0845-4134-ACBB-D1EADA65B4F9}.Debug|Any CPU.Build.0 = Debug|Any CPU
		{2D2E4970-0845-4134-ACBB-D1EADA65B4F9}.Release|Any CPU.ActiveCfg = Release|Any CPU
		{2D2E4970-0845-4134-ACBB-D1EADA65B4F9}.Release|Any CPU.Build.0 = Release|Any CPU
		{A292B3A6-F68D-4F74-8696-0C6514850E78}.Debug|Any CPU.ActiveCfg = Debug|Any CPU
		{A292B3A6-F68D-4F74-8696-0C6514850E78}.Debug|Any CPU.Build.0 = Debug|Any CPU
		{A292B3A6-F68D-4F74-8696-0C6514850E78}.Release|Any CPU.ActiveCfg = Release|Any CPU
		{A292B3A6-F68D-4F74-8696-0C6514850E78}.Release|Any CPU.Build.0 = Release|Any CPU
	EndGlobalSection
	GlobalSection(SolutionProperties) = preSolution
		HideSolutionNode = FALSE
	EndGlobalSection
EndGlobal
